
Microsoft Visual Studio Solution File, Format Version 12.00
# Visual Studio Version 16
VisualStudioVersion = 16.0.32602.291
MinimumVisualStudioVersion = 10.0.40219.1
Project("{FAE04EC0-301F-11D3-BF4B-00C04F79EFBC}") = "HotelManage-Client", "HotelManage-Client\HotelManage-Client.csproj", "{96B89A80-0862-4AEF-BD8E-2E8AA1A1BE44}"
EndProject
Global
	GlobalSection(SolutionConfigurationPlatforms) = preSolution
		Debug|Any CPU = Debug|Any CPU
		Release|Any CPU = Release|Any CPU
	EndGlobalSection
	GlobalSection(ProjectConfigurationPlatforms) = postSolution
		{96B89A80-0862-4AEF-BD8E-2E8AA1A1BE44}.Debug|Any CPU.ActiveCfg = Debug|Any CPU
		{96B89A80-0862-4AEF-BD8E-2E8AA1A1BE44}.Debug|Any CPU.Build.0 = Debug|Any CPU
		{96B89A80-0862-4AEF-BD8E-2E8AA1A1BE44}.Release|Any CPU.ActiveCfg = Release|Any CPU
		{96B89A80-0862-4AEF-BD8E-2E8AA1A1BE44}.Release|Any CPU.Build.0 = Release|Any CPU
	EndGlobalSection
	GlobalSection(SolutionProperties) = preSolution
		HideSolutionNode = FALSE
	EndGlobalSection
	GlobalSection(ExtensibilityGlobals) = postSolution
		SolutionGuid = {4654AF30-ADA9-40DB-AADC-8F90F6CA8738}
	EndGlobalSection
EndGlobal
